
Microsoft Visual Studio Solution File, Format Version 12.00
# Visual Studio 15
Project("{FAE04EC0-301F-11D3-BF4B-00C04F79EFBC}") = "CustomList", "CustomList.csproj", "{16533924-578B-4D93-BAD8-60CC8ABC945D}"
EndProject
Global
	GlobalSection(SolutionConfigurationPlatforms) = preSolution
		Debug|Any CPU = Debug|Any CPU
		Release|Any CPU = Release|Any CPU
	EndGlobalSection
	GlobalSection(ProjectConfigurationPlatforms) = postSolution
		{16533924-578B-4D93-BAD8-60CC8ABC945D}.Debug|Any CPU.ActiveCfg = Debug|Any CPU
		{16533924-578B-4D93-BAD8-60CC8ABC945D}.Debug|Any CPU.Build.0 = Debug|Any CPU
		{16533924-578B-4D93-BAD8-60CC8ABC945D}.Release|Any CPU.ActiveCfg = Release|Any CPU
		{16533924-578B-4D93-BAD8-60CC8ABC945D}.Release|Any CPU.Build.0 = Release|Any CPU
	EndGlobalSection
EndGlobal
